
Microsoft Visual Studio Solution File, Format Version 12.00
# Visual Studio 15
VisualStudioVersion = 15.0.26430.6
MinimumVisualStudioVersion = 10.0.40219.1
Project("{9A19103F-16F7-4668-BE54-9A1E7A4F7556}") = "RestInPeace", "RestInPeace.csproj", "{3A717F7F-710A-4E87-A551-ADBF34286D4F}"
EndProject
Project("{FAE04EC0-301F-11D3-BF4B-00C04F79EFBC}") = "DotnetBase", "..\Libs\DotnetBase\DotnetBase\DotnetBase.csproj", "{34ADE244-86D6-46EC-9F80-2D938CBB7993}"
EndProject
Global
	GlobalSection(SolutionConfigurationPlatforms) = preSolution
		Debug|Any CPU = Debug|Any CPU
		Release|Any CPU = Release|Any CPU
	EndGlobalSection
	GlobalSection(ProjectConfigurationPlatforms) = postSolution
		{3A717F7F-710A-4E87-A551-ADBF34286D4F}.Debug|Any CPU.ActiveCfg = Debug|Any CPU
		{3A717F7F-710A-4E87-A551-ADBF34286D4F}.Debug|Any CPU.Build.0 = Debug|Any CPU
		{3A717F7F-710A-4E87-A551-ADBF34286D4F}.Release|Any CPU.ActiveCfg = Release|Any CPU
		{3A717F7F-710A-4E87-A551-ADBF34286D4F}.Release|Any CPU.Build.0 = Release|Any CPU
		{34ADE244-86D6-46EC-9F80-2D938CBB7993}.Debug|Any CPU.ActiveCfg = Debug|Any CPU
		{34ADE244-86D6-46EC-9F80-2D938CBB7993}.Debug|Any CPU.Build.0 = Debug|Any CPU
		{34ADE244-86D6-46EC-9F80-2D938CBB7993}.Release|Any CPU.ActiveCfg = Release|Any CPU
		{34ADE244-86D6-46EC-9F80-2D938CBB7993}.Release|Any CPU.Build.0 = Release|Any CPU
	EndGlobalSection
	GlobalSection(SolutionProperties) = preSolution
		HideSolutionNode = FALSE
	EndGlobalSection
EndGlobal
